
Microsoft Visual Studio Solution File, Format Version 12.00
# Visual Studio Version 17
VisualStudioVersion = 17.4.33213.308
MinimumVisualStudioVersion = 10.0.40219.1
Project("{9A19103F-16F7-4668-BE54-9A1E7A4F7556}") = "Lazy.Vinke.Json", "Lazy.Vinke.Json\Lazy.Vinke.Json.csproj", "{2ADFFD28-AD01-4AF4-A6D7-9F41B6AA8198}"
EndProject
Project("{9A19103F-16F7-4668-BE54-9A1E7A4F7556}") = "Lazy.Vinke.Json.Tests", "Lazy.Vinke.Json.Tests\Lazy.Vinke.Json.Tests.csproj", "{9B52143E-975A-4473-BA72-2F4FC1B84515}"
	ProjectSection(ProjectDependencies) = postProject
		{2ADFFD28-AD01-4AF4-A6D7-9F41B6AA8198} = {2ADFFD28-AD01-4AF4-A6D7-9F41B6AA8198}
	EndProjectSection
EndProject
Global
	GlobalSection(SolutionConfigurationPlatforms) = preSolution
		Debug|Any CPU = Debug|Any CPU
		Release|Any CPU = Release|Any CPU
	EndGlobalSection
	GlobalSection(ProjectConfigurationPlatforms) = postSolution
		{2ADFFD28-AD01-4AF4-A6D7-9F41B6AA8198}.Debug|Any CPU.ActiveCfg = Debug|Any CPU
		{2ADFFD28-AD01-4AF4-A6D7-9F41B6AA8198}.Debug|Any CPU.Build.0 = Debug|Any CPU
		{2ADFFD28-AD01-4AF4-A6D7-9F41B6AA8198}.Release|Any CPU.ActiveCfg = Release|Any CPU
		{2ADFFD28-AD01-4AF4-A6D7-9F41B6AA8198}.Release|Any CPU.Build.0 = Release|Any CPU
		{9B52143E-975A-4473-BA72-2F4FC1B84515}.Debug|Any CPU.ActiveCfg = Debug|Any CPU
		{9B52143E-975A-4473-BA72-2F4FC1B84515}.Debug|Any CPU.Build.0 = Debug|Any CPU
		{9B52143E-975A-4473-BA72-2F4FC1B84515}.Release|Any CPU.ActiveCfg = Release|Any CPU
		{9B52143E-975A-4473-BA72-2F4FC1B84515}.Release|Any CPU.Build.0 = Release|Any CPU
	EndGlobalSection
	GlobalSection(SolutionProperties) = preSolution
		HideSolutionNode = FALSE
	EndGlobalSection
	GlobalSection(ExtensibilityGlobals) = postSolution
		SolutionGuid = {C795BED5-D018-4D01-AC5A-3DDB78729B56}
	EndGlobalSection
EndGlobal
