
Microsoft Visual Studio Solution File, Format Version 12.00
# Visual Studio Version 17
VisualStudioVersion = 17.4.33213.308
MinimumVisualStudioVersion = 10.0.40219.1
Project("{9A19103F-16F7-4668-BE54-9A1E7A4F7556}") = "Lazy.Vinke", "Lazy.Vinke\Lazy.Vinke.csproj", "{094E9814-F5FE-45E0-AA62-AC494941AD2A}"
EndProject
Project("{9A19103F-16F7-4668-BE54-9A1E7A4F7556}") = "Lazy.Vinke.Tests", "Lazy.Vinke.Tests\Lazy.Vinke.Tests.csproj", "{419DAE3B-2A88-4C7B-A22C-DD6D4C645699}"
	ProjectSection(ProjectDependencies) = postProject
		{094E9814-F5FE-45E0-AA62-AC494941AD2A} = {094E9814-F5FE-45E0-AA62-AC494941AD2A}
	EndProjectSection
EndProject
Global
	GlobalSection(SolutionConfigurationPlatforms) = preSolution
		Debug|Any CPU = Debug|Any CPU
		Release|Any CPU = Release|Any CPU
	EndGlobalSection
	GlobalSection(ProjectConfigurationPlatforms) = postSolution
		{094E9814-F5FE-45E0-AA62-AC494941AD2A}.Debug|Any CPU.ActiveCfg = Debug|Any CPU
		{094E9814-F5FE-45E0-AA62-AC494941AD2A}.Debug|Any CPU.Build.0 = Debug|Any CPU
		{094E9814-F5FE-45E0-AA62-AC494941AD2A}.Release|Any CPU.ActiveCfg = Release|Any CPU
		{094E9814-F5FE-45E0-AA62-AC494941AD2A}.Release|Any CPU.Build.0 = Release|Any CPU
		{419DAE3B-2A88-4C7B-A22C-DD6D4C645699}.Debug|Any CPU.ActiveCfg = Debug|Any CPU
		{419DAE3B-2A88-4C7B-A22C-DD6D4C645699}.Debug|Any CPU.Build.0 = Debug|Any CPU
		{419DAE3B-2A88-4C7B-A22C-DD6D4C645699}.Release|Any CPU.ActiveCfg = Release|Any CPU
		{419DAE3B-2A88-4C7B-A22C-DD6D4C645699}.Release|Any CPU.Build.0 = Release|Any CPU
	EndGlobalSection
	GlobalSection(SolutionProperties) = preSolution
		HideSolutionNode = FALSE
	EndGlobalSection
	GlobalSection(ExtensibilityGlobals) = postSolution
		SolutionGuid = {902DC948-4836-4518-ADED-FDA0A031E4F3}
	EndGlobalSection
EndGlobal
